
Microsoft Visual Studio Solution File, Format Version 12.00
# Visual Studio 14
VisualStudioVersion = 14.0.23107.0
MinimumVisualStudioVersion = 10.0.40219.1
Project("{FAE04EC0-301F-11D3-BF4B-00C04F79EFBC}") = "RFEM Software", "RFEM Software\RFEM Software.csproj", "{C1D0D931-4F3F-4270-BA7A-EB615FA197F5}"
EndProject
Project("{FAE04EC0-301F-11D3-BF4B-00C04F79EFBC}") = "RFEM Infrastructure", "RFEM Infrastructure\RFEM Infrastructure.csproj", "{EFEFAD51-0AA4-44F1-9EFD-8520BF35CE07}"
EndProject
Global
	GlobalSection(SolutionConfigurationPlatforms) = preSolution
		Debug|Any CPU = Debug|Any CPU
		Release|Any CPU = Release|Any CPU
	EndGlobalSection
	GlobalSection(ProjectConfigurationPlatforms) = postSolution
		{C1D0D931-4F3F-4270-BA7A-EB615FA197F5}.Debug|Any CPU.ActiveCfg = Debug|Any CPU
		{C1D0D931-4F3F-4270-BA7A-EB615FA197F5}.Debug|Any CPU.Build.0 = Debug|Any CPU
		{C1D0D931-4F3F-4270-BA7A-EB615FA197F5}.Release|Any CPU.ActiveCfg = Release|Any CPU
		{C1D0D931-4F3F-4270-BA7A-EB615FA197F5}.Release|Any CPU.Build.0 = Release|Any CPU
		{EFEFAD51-0AA4-44F1-9EFD-8520BF35CE07}.Debug|Any CPU.ActiveCfg = Debug|Any CPU
		{EFEFAD51-0AA4-44F1-9EFD-8520BF35CE07}.Debug|Any CPU.Build.0 = Debug|Any CPU
		{EFEFAD51-0AA4-44F1-9EFD-8520BF35CE07}.Release|Any CPU.ActiveCfg = Release|Any CPU
		{EFEFAD51-0AA4-44F1-9EFD-8520BF35CE07}.Release|Any CPU.Build.0 = Release|Any CPU
	EndGlobalSection
	GlobalSection(SolutionProperties) = preSolution
		HideSolutionNode = FALSE
	EndGlobalSection
EndGlobal
